// !$*UTF8*$!
{
	archiveVersion = 1;
	classes = {
	};
	objectVersion = 48;
	objects = {

/* Begin PBXBuildFile section */
		952609431FCA90BE00DAF228 /* AppDelegate.swift in Sources */ = {isa = PBXBuildFile; fileRef = 952609421FCA90BE00DAF228 /* AppDelegate.swift */; };
		952609451FCA90BE00DAF228 /* ViewController.swift in Sources */ = {isa = PBXBuildFile; fileRef = 952609441FCA90BE00DAF228 /* ViewController.swift */; };
		952609481FCA90BE00DAF228 /* Main.storyboard in Resources */ = {isa = PBXBuildFile; fileRef = 952609461FCA90BE00DAF228 /* Main.storyboard */; };
		9526094A1FCA90BE00DAF228 /* Assets.xcassets in Resources */ = {isa = PBXBuildFile; fileRef = 952609491FCA90BE00DAF228 /* Assets.xcassets */; };
		9526094D1FCA90BE00DAF228 /* LaunchScreen.storyboard in Resources */ = {isa = PBXBuildFile; fileRef = 9526094B1FCA90BE00DAF228 /* LaunchScreen.storyboard */; };
/* End PBXBuildFile section */

/* Begin PBXFileReference section */
		9526093F1FCA90BE00DAF228 /* ZoomNScroll.app */ = {isa = PBXFileReference; explicitFileType = wrapper.application; includeInIndex = 0; path = ZoomNScroll.app; sourceTree = BUILT_PRODUCTS_DIR; };
		952609421FCA90BE00DAF228 /* AppDelegate.swift */ = {isa = PBXFileReference; lastKnownFileType = sourcecode.swift; path = AppDelegate.swift; sourceTree = "<group>"; };
		952609441FCA90BE00DAF228 /* ViewController.swift */ = {isa = PBXFileReference; lastKnownFileType = sourcecode.swift; path = ViewController.swift; sourceTree = "<group>"; };
		952609471FCA90BE00DAF228 /* Base */ = {isa = PBXFileReference; lastKnownFileType = file.storyboard; name = Base; path = Base.lproj/Main.storyboard; sourceTree = "<group>"; };
		952609491FCA90BE00DAF228 /* Assets.xcassets */ = {isa = PBXFileReference; lastKnownFileType = folder.assetcatalog; path = Assets.xcassets; sourceTree = "<group>"; };
		9526094C1FCA90BE00DAF228 /* Base */ = {isa = PBXFileReference; lastKnownFileType = file.storyboard; name = Base; path = Base.lproj/LaunchScreen.storyboard; sourceTree = "<group>"; };
		9526094E1FCA90BE00DAF228 /* Info.plist */ = {isa = PBXFileReference; lastKnownFileType = text.plist.xml; path = Info.plist; sourceTree = "<group>"; };
/* End PBXFileReference section */

/* Begin PBXFrameworksBuildPhase section */
		9526093C1FCA90BE00DAF228 /* Frameworks */ = {
			isa = PBXFrameworksBuildPhase;
			buildActionMask = 2147483647;
			files = (
			);
			runOnlyForDeploymentPostprocessing = 0;
		};
/* End PBXFrameworksBuildPhase section */

/* Begin PBXGroup section */
		952609361FCA90BE00DAF228 = {
			isa = PBXGroup;
			children = (
				952609411FCA90BE00DAF228 /* ZoomNScroll */,
				952609401FCA90BE00DAF228 /* Products */,
			);
			sourceTree = "<group>";
		};
		952609401FCA90BE00DAF228 /* Products */ = {
			isa = PBXGroup;
			children = (
				9526093F1FCA90BE00DAF228 /* ZoomNScroll.app */,
			);
			name = Products;
			sourceTree = "<group>";
		};
		952609411FCA90BE00DAF228 /* ZoomNScroll */ = {
			isa = PBXGroup;
			children = (
				952609421FCA90BE00DAF228 /* AppDelegate.swift */,
				952609441FCA90BE00DAF228 /* ViewController.swift */,
				952609461FCA90BE00DAF228 /* Main.storyboard */,
				952609491FCA90BE00DAF228 /* Assets.xcassets */,
				9526094B1FCA90BE00DAF228 /* LaunchScreen.storyboard */,
				9526094E1FCA90BE00DAF228 /* Info.plist */,
			);
			path = ZoomNScroll;
			sourceTree = "<group>";
		};
/* End PBXGroup section */

/* Begin PBXNativeTarget section */
		9526093E1FCA90BE00DAF228 /* ZoomNScroll */ = {
			isa = PBXNativeTarget;
			buildConfigurationList = 952609511FCA90BE00DAF228 /* Build configuration list for PBXNativeTarget "ZoomNScroll" */;
			buildPhases = (
				9526093B1FCA90BE00DAF228 /* Sources */,
				9526093C1FCA90BE00DAF228 /* Frameworks */,
				9526093D1FCA90BE00DAF228 /* Resources */,
			);
			buildRules = (
			);
			dependencies = (
			);
			name = ZoomNScroll;
			productName = ISpy;
			productReference = 9526093F1FCA90BE00DAF228 /* ZoomNScroll.app */;
			productType = "com.apple.product-type.application";
		};
/* End PBXNativeTarget section */

/* Begin PBXProject section */
		952609371FCA90BE00DAF228 /* Project object */ = {
			isa = PBXProject;
			attributes = {
				LastSwiftUpdateCheck = 0910;
				LastUpgradeCheck = 0910;
				ORGANIZATIONNAME = "Dennis Lau";
				TargetAttributes = {
					9526093E1FCA90BE00DAF228 = {
						CreatedOnToolsVersion = 9.1;
						ProvisioningStyle = Automatic;
					};
				};
			};
			buildConfigurationList = 9526093A1FCA90BE00DAF228 /* Build configuration list for PBXProject "ZoomNScroll" */;
			compatibilityVersion = "Xcode 8.0";
			developmentRegion = en;
			hasScannedForEncodings = 0;
			knownRegions = (
				en,
				Base,
			);
			mainGroup = 952609361FCA90BE00DAF228;
			productRefGroup = 952609401FCA90BE00DAF228 /* Products */;
			projectDirPath = "";
			projectRoot = "";
			targets = (
				9526093E1FCA90BE00DAF228 /* ZoomNScroll */,
			);
		};
/* End PBXProject section */

/* Begin PBXResourcesBuildPhase section */
		9526093D1FCA90BE00DAF228 /* Resources */ = {
			isa = PBXResourcesBuildPhase;
			buildActionMask = 2147483647;
			files = (
				9526094D1FCA90BE00DAF228 /* LaunchScreen.storyboard in Resources */,
				9526094A1FCA90BE00DAF228 /* Assets.xcassets in Resources */,
				952609481FCA90BE00DAF228 /* Main.storyboard in Resources */,
			);
			runOnlyForDeploymentPostprocessing = 0;
		};
/* End PBXResourcesBuildPhase section */

/* Begin PBXSourcesBuildPhase section */
		9526093B1FCA90BE00DAF228 /* Sources */ = {
			isa = PBXSourcesBuildPhase;
			buildActionMask = 2147483647;
			files = (
				952609451FCA90BE00DAF228 /* ViewController.swift in Sources */,
				952609431FCA90BE00DAF228 /* AppDelegate.swift in Sources */,
			);
			runOnlyForDeploymentPostprocessing = 0;
		};
/* End PBXSourcesBuildPhase section */

/* Begin PBXVariantGroup section */
		952609461FCA90BE00DAF228 /* Main.storyboard */ = {
			isa = PBXVariantGroup;
			children = (
				952609471FCA90BE00DAF228 /* Base */,
			);
			name = Main.storyboard;
			sourceTree = "<group>";
		};
		9526094B1FCA90BE00DAF228 /* LaunchScreen.storyboard */ = {
			isa = PBXVariantGroup;
			children = (
				9526094C1FCA90BE00DAF228 /* Base */,
			);
			name = LaunchScreen.storyboard;
			sourceTree = "<group>";
		};
/* End PBXVariantGroup section */

/* Begin XCBuildConfiguration section */
		9526094F1FCA90BE00DAF228 /* Debug */ = {
			isa = XCBuildConfiguration;
			buildSettings = {
				ALWAYS_SEARCH_USER_PATHS = NO;
				CLANG_ANALYZER_NONNULL = YES;
				CLANG_ANALYZER_NUMBER_OBJECT_CONVERSION = YES_AGGRESSIVE;
				CLANG_CXX_LANGUAGE_STANDARD = "gnu++14";
				CLANG_CXX_LIBRARY = "libc++";
				CLANG_ENABLE_MODULES = YES;
				CLANG_ENABLE_OBJC_ARC = YES;
				CLANG_WARN_BLOCK_CAPTURE_AUTORELEASING = YES;
				CLANG_WARN_BOOL_CONVERSION = YES;
				CLANG_WARN_COMMA = YES;
				CLANG_WARN_CONSTANT_CONVERSION = YES;
				CLANG_WARN_DIRECT_OBJC_ISA_USAGE = YES_ERROR;
				CLANG_WARN_DOCUMENTATION_COMMENTS = YES;
				CLANG_WARN_EMPTY_BODY = YES;
				CLANG_WARN_ENUM_CONVERSION = YES;
				CLANG_WARN_INFINITE_RECURSION = YES;
				CLANG_WARN_INT_CONVERSION = YES;
				CLANG_WARN_NON_LITERAL_NULL_CONVERSION = YES;
				CLANG_WARN_OBJC_LITERAL_CONVERSION = YES;
				CLANG_WARN_OBJC_ROOT_CLASS = YES_ERROR;
				CLANG_WARN_RANGE_LOOP_ANALYSIS = YES;
				CLANG_WARN_STRICT_PROTOTYPES = YES;
				CLANG_WARN_SUSPICIOUS_MOVE = YES;
				CLANG_WARN_UNGUARDED_AVAILABILITY = YES_AGGRESSIVE;
				CLANG_WARN_UNREACHABLE_CODE = YES;
				CLANG_WARN__DUPLICATE_METHOD_MATCH = YES;
				CODE_SIGN_IDENTITY = "iPhone Developer";
				COPY_PHASE_STRIP = NO;
				DEBUG_INFORMATION_FORMAT = dwarf;
				ENABLE_STRICT_OBJC_MSGSEND = YES;
				ENABLE_TESTABILITY = YES;
				GCC_C_LANGUAGE_STANDARD = gnu11;
				GCC_DYNAMIC_NO_PIC = NO;
				GCC_NO_COMMON_BLOCKS = YES;
				GCC_OPTIMIZATION_LEVEL = 0;
				GCC_PREPROCESSOR_DEFINITIONS = (
					"DEBUG=1",
					"$(inherited)",
				);
				GCC_WARN_64_TO_32_BIT_CONVERSION = YES;
				GCC_WARN_ABOUT_RETURN_TYPE = YES_ERROR;
				GCC_WARN_UNDECLARED_SELECTOR = YES;
				GCC_WARN_UNINITIALIZED_AUTOS = YES_AGGRESSIVE;
				GCC_WARN_UNUSED_FUNCTION = YES;
				GCC_WARN_UNUSED_VARIABLE = YES;
				IPHONEOS_DEPLOYMENT_TARGET = 11.1;
				MTL_ENABLE_DEBUG_INFO = YES;
				ONLY_ACTIVE_ARCH = YES;
				SDKROOT = iphoneos;
				SWIFT_ACTIVE_COMPILATION_CONDITIONS = DEBUG;
				SWIFT_OPTIMIZATION_LEVEL = "-Onone";
			};
			name = Debug;
		};
		952609501FCA90BE00DAF228 /* Release */ = {
			isa = XCBuildConfiguration;
			buildSettings = {
				ALWAYS_SEARCH_USER_PATHS = NO;
				CLANG_ANALYZER_NONNULL = YES;
				CLANG_ANALYZER_NUMBER_OBJECT_CONVERSION = YES_AGGRESSIVE;
				CLANG_CXX_LANGUAGE_STANDARD = "gnu++14";
				CLANG_CXX_LIBRARY = "libc++";
				CLANG_ENABLE_MODULES = YES;
				CLANG_ENABLE_OBJC_ARC = YES;
				CLANG_WARN_BLOCK_CAPTURE_AUTORELEASING = YES;
				CLANG_WARN_BOOL_CONVERSION = YES;
				CLANG_WARN_COMMA = YES;
				CLANG_WARN_CONSTANT_CONVERSION = YES;
				CLANG_WARN_DIRECT_OBJC_ISA_USAGE = YES_ERROR;
				CLANG_WARN_DOCUMENTATION_COMMENTS = YES;
				CLANG_WARN_EMPTY_BODY = YES;
				CLANG_WARN_ENUM_CONVERSION = YES;
				CLANG_WARN_INFINITE_RECURSION = YES;
				CLANG_WARN_INT_CONVERSION = YES;
				CLANG_WARN_NON_LITERAL_NULL_CONVERSION = YES;
				CLANG_WARN_OBJC_LITERAL_CONVERSION = YES;
				CLANG_WARN_OBJC_ROOT_CLASS = YES_ERROR;
				CLANG_WARN_RANGE_LOOP_ANALYSIS = YES;
				CLANG_WARN_STRICT_PROTOTYPES = YES;
				CLANG_WARN_SUSPICIOUS_MOVE = YES;
				CLANG_WARN_UNGUARDED_AVAILABILITY = YES_AGGRESSIVE;
				CLANG_WARN_UNREACHABLE_CODE = YES;
				CLANG_WARN__DUPLICATE_METHOD_MATCH = YES;
				CODE_SIGN_IDENTITY = "iPhone Developer";
				COPY_PHASE_STRIP = NO;
				DEBUG_INFORMATION_FORMAT = "dwarf-with-dsym";
				ENABLE_NS_ASSERTIONS = NO;
				ENABLE_STRICT_OBJC_MSGSEND = YES;
				GCC_C_LANGUAGE_STANDARD = gnu11;
				GCC_NO_COMMON_BLOCKS = YES;
				GCC_WARN_64_TO_32_BIT_CONVERSION = YES;
				GCC_WARN_ABOUT_RETURN_TYPE = YES_ERROR;
				GCC_WARN_UNDECLARED_SELECTOR = YES;
				GCC_WARN_UNINITIALIZED_AUTOS = YES_AGGRESSIVE;
				GCC_WARN_UNUSED_FUNCTION = YES;
				GCC_WARN_UNUSED_VARIABLE = YES;
				IPHONEOS_DEPLOYMENT_TARGET = 11.1;
				MTL_ENABLE_DEBUG_INFO = NO;
				SDKROOT = iphoneos;
				SWIFT_OPTIMIZATION_LEVEL = "-Owholemodule";
				VALIDATE_PRODUCT = YES;
			};
			name = Release;
		};
		952609521FCA90BE00DAF228 /* Debug */ = {
			isa = XCBuildConfiguration;
			buildSettings = {
				ASSETCATALOG_COMPILER_APPICON_NAME = AppIcon;
				CODE_SIGN_STYLE = Automatic;
				DEVELOPMENT_TEAM = 868LN37MF7;
				INFOPLIST_FILE = "$(SRCROOT)/ZoomNScroll/Info.plist";
				LD_RUNPATH_SEARCH_PATHS = "$(inherited) @executable_path/Frameworks";
				PRODUCT_BUNDLE_IDENTIFIER = hk.com.resbo.ISpy;
				PRODUCT_NAME = "$(TARGET_NAME)";
				SWIFT_VERSION = 4.0;
				TARGETED_DEVICE_FAMILY = "1,2";
			};
			name = Debug;
		};
		952609531FCA90BE00DAF228 /* Release */ = {
			isa = XCBuildConfiguration;
			buildSettings = {
				ASSETCATALOG_COMPILER_APPICON_NAME = AppIcon;
				CODE_SIGN_STYLE = Automatic;
				DEVELOPMENT_TEAM = 868LN37MF7;
				INFOPLIST_FILE = "$(SRCROOT)/ZoomNScroll/Info.plist";
				LD_RUNPATH_SEARCH_PATHS = "$(inherited) @executable_path/Frameworks";
				PRODUCT_BUNDLE_IDENTIFIER = hk.com.resbo.ISpy;
				PRODUCT_NAME = "$(TARGET_NAME)";
				SWIFT_VERSION = 4.0;
				TARGETED_DEVICE_FAMILY = "1,2";
			};
			name = Release;
		};
/* End XCBuildConfiguration section */

/* Begin XCConfigurationList section */
		9526093A1FCA90BE00DAF228 /* Build configuration list for PBXProject "ZoomNScroll" */ = {
			isa = XCConfigurationList;
			buildConfigurations = (
				9526094F1FCA90BE00DAF228 /* Debug */,
				952609501FCA90BE00DAF228 /* Release */,
			);
			defaultConfigurationIsVisible = 0;
			defaultConfigurationName = Release;
		};
		952609511FCA90BE00DAF228 /* Build configuration list for PBXNativeTarget "ZoomNScroll" */ = {
			isa = XCConfigurationList;
			buildConfigurations = (
				952609521FCA90BE00DAF228 /* Debug */,
				952609531FCA90BE00DAF228 /* Release */,
			);
			defaultConfigurationIsVisible = 0;
			defaultConfigurationName = Release;
		};
/* End XCConfigurationList section */
	};
	rootObject = 952609371FCA90BE00DAF228 /* Project object */;
}
